# THIS IS AN AUTOGENERATED FILE. DO NOT EDIT THIS FILE DIRECTLY.
# yarn lockfile v1


atoa@1.0.0:
  version "1.0.0"
  resolved "https://registry.yarnpkg.com/atoa/-/atoa-1.0.0.tgz#0cc0e91a480e738f923ebc103676471779b34a49"

babel-runtime@^6.20.0:
  version "6.26.0"
  resolved "https://registry.yarnpkg.com/babel-runtime/-/babel-runtime-6.26.0.tgz#965c7058668e82b55d7bfe04ff2337bc8b5647fe"
  dependencies:
    core-js "^2.4.0"
    regenerator-runtime "^0.11.0"

contra@1.9.4:
  version "1.9.4"
  resolved "https://registry.yarnpkg.com/contra/-/contra-1.9.4.tgz#f53bde42d7e5b5985cae4d99a8d610526de8f28d"
  dependencies:
    atoa "1.0.0"
    ticky "1.0.1"

core-js@^2.4.0:
  version "2.5.7"
  resolved "https://registry.yarnpkg.com/core-js/-/core-js-2.5.7.tgz#f972608ff0cead68b841a16a932d0b183791814e"

crossvent@1.5.4:
  version "1.5.4"
  resolved "https://registry.yarnpkg.com/crossvent/-/crossvent-1.5.4.tgz#da2c4f8f40c94782517bf2beec1044148194ab92"
  dependencies:
    custom-event "1.0.0"

crossvent@^1.5.5:
  version "1.5.5"
  resolved "https://registry.yarnpkg.com/crossvent/-/crossvent-1.5.5.tgz#ad20878e4921e9be73d9d6976f8b2ecd0f71a0b1"
  dependencies:
    custom-event "^1.0.0"

custom-event@1.0.0:
  version "1.0.0"
  resolved "https://registry.yarnpkg.com/custom-event/-/custom-event-1.0.0.tgz#2e4628be19dc4b214b5c02630c5971e811618062"

custom-event@^1.0.0:
  version "1.0.1"
  resolved "https://registry.yarnpkg.com/custom-event/-/custom-event-1.0.1.tgz#5d02a46850adf1b4a317946a3928fccb5bfd0425"

dragula-with-animation@^3.7.2:
  version "3.7.2"
  resolved "https://registry.yarnpkg.com/dragula-with-animation/-/dragula-with-animation-3.7.2.tgz#9b992db2a274324325c70bb0cb752e77e1faa8af"
  dependencies:
    contra "1.9.4"
    crossvent "1.5.4"

regenerator-runtime@^0.11.0:
  version "0.11.1"
  resolved "https://registry.yarnpkg.com/regenerator-runtime/-/regenerator-runtime-0.11.1.tgz#be05ad7f9bf7d22e056f9726cee5017fbf19e2e9"

rx@^4.1.0:
  version "4.1.0"
  resolved "https://registry.yarnpkg.com/rx/-/rx-4.1.0.tgz#a5f13ff79ef3b740fe30aa803fb09f98805d4782"

table-dragger@^1.0.2:
  version "1.0.2"
  resolved "https://registry.yarnpkg.com/table-dragger/-/table-dragger-1.0.2.tgz#981f46c62fd2899b3fc5e644055ea72831949707"
  dependencies:
    babel-runtime "^6.20.0"
    crossvent "^1.5.5"
    dragula-with-animation "^3.7.2"
    rx "^4.1.0"

ticky@1.0.1:
  version "1.0.1"
  resolved "https://registry.yarnpkg.com/ticky/-/ticky-1.0.1.tgz#b7cfa71e768f1c9000c497b9151b30947c50e46d"
